# THIS IS AN AUTOGENERATED FILE. DO NOT EDIT THIS FILE DIRECTLY.
# yarn lockfile v1


"@eshaz/web-worker@1.2.2":
  version "1.2.2"
  resolved "https://registry.yarnpkg.com/@eshaz/web-worker/-/web-worker-1.2.2.tgz#506ec07ab811c15a12799725a0d8b82289e3d937"
  integrity sha512-WxXiHFmD9u/owrzempiDlBB1ZYqiLnm9s6aPc8AlFQalq2tKmqdmMr9GXOupDgzXtqnBipj8Un0gkIm7Sjf8mw==

"@libraz/libsonare@^1.0.2":
  version "1.5.5"
  resolved "https://registry.yarnpkg.com/@libraz/libsonare/-/libsonare-1.5.5.tgz#7684133d79a5b64a5b527219af3c7e00e9ebb868"
  integrity sha512-HJ0SU0eN7Ghg9UcaCPBRMWHsgUwu704fQjYHtwKIYuVUn1VoUHOtp9wu2UVSV7bzXQFvVfBM6TOboV+bZDoZbQ==

"@thi.ng/bitstream@^2.2.12":
  version "2.4.54"
  resolved "https://registry.yarnpkg.com/@thi.ng/bitstream/-/bitstream-2.4.54.tgz#b4aec33efdd2e8ca05995cb8393406f61167662b"
  integrity sha512-uInkAJge5O0bWWEaYKrQpMccPbFg0z6eIA5NDCJXPm7l3rjlDje6RBHBXll3LiQz9Y051EdzlAEQRaB5hEifdg==
  dependencies:
    "@thi.ng/errors" "^2.6.16"

"@thi.ng/errors@^2.6.16":
  version "2.6.16"
  resolved "https://registry.yarnpkg.com/@thi.ng/errors/-/errors-2.6.16.tgz#df7c41a258e6d47b68d167786ffdb6d8374af8ab"
  integrity sha512-a7Lv/G0La5eTNUEIyLldpeYziyFSj3rOlWNeXFu8v+ZSb8w8EnQ/L0r0sKHux7Ru6RhUkAXrcaHU7xd1ZkWovA==

"@wasm-audio-decoders/common@9.0.7":
  version "9.0.7"
  resolved "https://registry.yarnpkg.com/@wasm-audio-decoders/common/-/common-9.0.7.tgz#3210cdd77893a51fbb205f15dc0e56293e2074b5"
  integrity sha512-WRaUuWSKV7pkttBygml/a6dIEpatq2nnZGFIoPTc5yPLkxL6Wk4YaslPM98OPQvWacvNZ+Py9xROGDtrFBDzag==
  dependencies:
    "@eshaz/web-worker" "1.2.2"
    simple-yenc "^1.0.4"

"@wasm-audio-decoders/flac@^0.2.4":
  version "0.2.10"
  resolved "https://registry.yarnpkg.com/@wasm-audio-decoders/flac/-/flac-0.2.10.tgz#ec8e39d84648d3777728f369a9d162bc7f52b033"
  integrity sha512-YfcyoD2rYRBa6ffawZKNi5qvV5HArJmNmuMVUPoutuZ2hhGi6WNSWIzgvbROGmPbFivLL764Am7xxJENWJDhjw==
  dependencies:
    "@wasm-audio-decoders/common" "9.0.7"
    codec-parser "2.5.0"

"@wasm-audio-decoders/ogg-vorbis@^0.1.15":
  version "0.1.20"
  resolved "https://registry.yarnpkg.com/@wasm-audio-decoders/ogg-vorbis/-/ogg-vorbis-0.1.20.tgz#14c684f2a844c51b9c56f846f07f09ffd7e069f5"
  integrity sha512-zaQPasU5usRjUDXtXOHYED5tfkR4QMXd+EH3Nrz1+4+M5pCsdD+s9YxJqb0oqnTyRu/KUujOmu5Z/m/NT47vwg==
  dependencies:
    "@wasm-audio-decoders/common" "9.0.7"
    codec-parser "2.5.0"

"@wasm-audio-decoders/opus-ml@0.0.2":
  version "0.0.2"
  resolved "https://registry.yarnpkg.com/@wasm-audio-decoders/opus-ml/-/opus-ml-0.0.2.tgz#f24d68161b8f1d68c9249d3d03f6ab912e2f3d2e"
  integrity sha512-58rWEqDGg+CKCyEeKm2KoxxSwTWtHh/NLTW9ObR4K8CGF6VwuuGudEI1CtniS/oSRmL1nJq/eh8MKARiluw4DQ==
  dependencies:
    "@wasm-audio-decoders/common" "9.0.7"

ansi-regex@^6.2.2:
  version "6.2.2"
  resolved "https://registry.yarnpkg.com/ansi-regex/-/ansi-regex-6.2.2.tgz#60216eea464d864597ce2832000738a0589650c1"
  integrity sha512-Bq3SmSpyFHaWjPk8If9yc6svM8c56dB5BAtW4Qbw5jHTwwXXcTLoRMkpDJp6VL0XzlWaCHTXrkFURMYmD0sLqg==

audio-buffer@^5.0.0:
  version "5.0.0"
  resolved "https://registry.yarnpkg.com/audio-buffer/-/audio-buffer-5.0.0.tgz#92129984ebdbb8ad1c4ec6fd81525a0e0a29e99e"
  integrity sha512-gsDyj1wwUp8u7NBB+eW6yhLb9ICf+0eBmDX8NGaAS00w8/fLqFdxUlL5Ge/U8kB64DlQhdonxYC59dXy1J7H/w==

audio-decode@^2.1.3:
  version "2.2.3"
  resolved "https://registry.yarnpkg.com/audio-decode/-/audio-decode-2.2.3.tgz#147ae56fe3e758f0f63ea9a124af42bdee6fd6dc"
  integrity sha512-Z0lHvMayR/Pad9+O9ddzaBJE0DrhZkQlStrC1RwcAHF3AhQAsdwKHeLGK8fYKyp2DDU6xHxzGb4CLMui12yVrg==
  dependencies:
    "@wasm-audio-decoders/flac" "^0.2.4"
    "@wasm-audio-decoders/ogg-vorbis" "^0.1.15"
    audio-buffer "^5.0.0"
    audio-type "^2.2.1"
    mpg123-decoder "^1.0.0"
    node-wav "^0.0.2"
    ogg-opus-decoder "^1.6.12"
    qoa-format "^1.0.1"

audio-type@^2.2.1:
  version "2.4.2"
  resolved "https://registry.yarnpkg.com/audio-type/-/audio-type-2.4.2.tgz#ac3bc9d75f562c065543c65c32095d5bf13a7c5d"
  integrity sha512-E9Bl1FGGDS81H/mKvaoPq0iQ8uT3qTBe6XWjipOo5kYrhLMAbjD7hREAVle0YJFahZOVbztxTdkwi0VBDJutSA==

base64-js@^1.3.1:
  version "1.5.1"
  resolved "https://registry.yarnpkg.com/base64-js/-/base64-js-1.5.1.tgz#1b1b440160a5bf7ad40b650f095963481903930a"
  integrity sha512-AKpaYlHn8t4SVbOHCy+b5+KKgvR4vrsD8vbvrbiQJps7fKDTkjkDry6ji0rUJjC0kzbNePLwzxq8iypo41qeWA==

beat-detection@^1.0.0:
  version "1.1.0"
  resolved "https://registry.yarnpkg.com/beat-detection/-/beat-detection-1.1.0.tgz#923ae47ff1e7101bdc757680304765232baf9dc8"
  integrity sha512-jz3FRYVNVUbAATF2d08uuZRelA7j3py27he3Q9FuKFmgr3IfPX6czgAqLCOXsfLRAy347gLhc685Jzl/Qi+qNQ==
  dependencies:
    fourier-transform "^2.0.0"
    window-function "^3.0.0"

bl@^5.0.0:
  version "5.1.0"
  resolved "https://registry.yarnpkg.com/bl/-/bl-5.1.0.tgz#183715f678c7188ecef9fe475d90209400624273"
  integrity sha512-tv1ZJHLfTDnXE6tMHv73YgSJaWR2AFuPwMntBe7XL/GBFHnT0CLnsHMogfk5+GzCDC5ZWarSCYaIGATZt9dNsQ==
  dependencies:
    buffer "^6.0.3"
    inherits "^2.0.4"
    readable-stream "^3.4.0"

buffer@^6.0.3:
  version "6.0.3"
  resolved "https://registry.yarnpkg.com/buffer/-/buffer-6.0.3.tgz#2ace578459cc8fbe2a70aaa8f52ee63b6a74c6c6"
  integrity sha512-FTiCpNxtwiZZHEZbcbTIcZjERVICn9yq/pDFkTl95/AxzD1naBctN7YO68riM/gLSDY7sdrMby8hofADYuuqOA==
  dependencies:
    base64-js "^1.3.1"
    ieee754 "^1.2.1"

chalk@^5.0.0, chalk@^5.3.0:
  version "5.6.2"
  resolved "https://registry.yarnpkg.com/chalk/-/chalk-5.6.2.tgz#b1238b6e23ea337af71c7f8a295db5af0c158aea"
  integrity sha512-7NzBL0rN6fMUW+f7A6Io4h40qQlG+xGmtMxfbnH/K7TAtt8JQWVQK+6g0UXKMeVJoyV5EkkNsErQ8pVD3bLHbA==

cli-cursor@^4.0.0:
  version "4.0.0"
  resolved "https://registry.yarnpkg.com/cli-cursor/-/cli-cursor-4.0.0.tgz#3cecfe3734bf4fe02a8361cbdc0f6fe28c6a57ea"
  integrity sha512-VGtlMu3x/4DOtIUwEkRezxUZ2lBacNJCHash0N0WeZDBS+7Ux1dm3XWAgWYxLJFMMdOeXMHXorshEFhbMSGelg==
  dependencies:
    restore-cursor "^4.0.0"

cli-spinners@^2.9.0:
  version "2.9.2"
  resolved "https://registry.yarnpkg.com/cli-spinners/-/cli-spinners-2.9.2.tgz#1773a8f4b9c4d6ac31563df53b3fc1d79462fe41"
  integrity sha512-ywqV+5MmyL4E7ybXgKys4DugZbX0FC6LnwrhjuykIjnK9k8OQacQ7axGKnjDXWNhns0xot3bZI5h55H8yo9cJg==

codec-parser@2.5.0:
  version "2.5.0"
  resolved "https://registry.yarnpkg.com/codec-parser/-/codec-parser-2.5.0.tgz#213f224dcf029854682a532a41d2d433ddda4d3e"
  integrity sha512-Ru9t80fV8B0ZiixQl8xhMTLru+dzuis/KQld32/x5T/+3LwZb0/YvQdSKytX9JqCnRdiupvAvyYJINKrXieziQ==

commander@^11.1.0:
  version "11.1.0"
  resolved "https://registry.yarnpkg.com/commander/-/commander-11.1.0.tgz#62fdce76006a68e5c1ab3314dc92e800eb83d906"
  integrity sha512-yPVavfyCcRhmorC7rWlkHn15b4wDVgVmBA7kV4QVBsF7kv/9TKJAbAXVTxvTnwP8HHKjRCJDClKbciiYS7p0DQ==

eastasianwidth@^0.2.0:
  version "0.2.0"
  resolved "https://registry.yarnpkg.com/eastasianwidth/-/eastasianwidth-0.2.0.tgz#696ce2ec0aa0e6ea93a397ffcf24aa7840c827cb"
  integrity sha512-I88TYZWc9XiYHRQ4/3c5rjjfgkjhLyW2luGIheGERbNQ6OY7yTybanSpDXZa8y7VUP9YmDcYa+eyq4ca7iLqWA==

emoji-regex@^10.2.1:
  version "10.6.0"
  resolved "https://registry.yarnpkg.com/emoji-regex/-/emoji-regex-10.6.0.tgz#bf3d6e8f7f8fd22a65d9703475bc0147357a6b0d"
  integrity sha512-toUI84YS5YmxW219erniWD0CIVOo46xGKColeNQRgOzDorgBi1v4D71/OFzgD9GO2UGKIv1C3Sp8DAn0+j5w7A==

fourier-transform@^2.0.0:
  version "2.4.1"
  resolved "https://registry.yarnpkg.com/fourier-transform/-/fourier-transform-2.4.1.tgz#4e69bb582fccb53fb81e35d0999303e06fb6ab41"
  integrity sha512-NwMVCmCjVrKH1bu5BTQ9c2OQVpkddLPQiBcd74VJNpbQ7bnwBsQrodLMWgaT4ge+Su0w5Zc6Al0gtHy5lYYIJA==

ieee754@^1.2.1:
  version "1.2.1"
  resolved "https://registry.yarnpkg.com/ieee754/-/ieee754-1.2.1.tgz#8eb7a10a63fff25d15a57b001586d177d1b0d352"
  integrity sha512-dcyqhDvX1C46lXZcVqCpK+FtMRQVdIMN6/Df5js2zouUsqG7I6sFxitIC+7KYK29KdXOLHdu9zL4sFnoVQnqaA==

inherits@^2.0.3, inherits@^2.0.4:
  version "2.0.4"
  resolved "https://registry.yarnpkg.com/inherits/-/inherits-2.0.4.tgz#0fa2c64f932917c3433a0ded55363aae37416b7c"
  integrity sha512-k/vGaX4/Yla3WzyMCvTQOXYeIHvqOKtnqBduzTHpzpQZzAskKMhZ2K+EnBiSM9zGSoIFeMpXKxa4dYeZIQqewQ==

is-interactive@^2.0.0:
  version "2.0.0"
  resolved "https://registry.yarnpkg.com/is-interactive/-/is-interactive-2.0.0.tgz#40c57614593826da1100ade6059778d597f16e90"
  integrity sha512-qP1vozQRI+BMOPcjFzrjXuQvdak2pHNUMZoeG2eRbiSqyvbEf/wQtEOTOX1guk6E3t36RkaqiSt8A/6YElNxLQ==

is-unicode-supported@^1.1.0, is-unicode-supported@^1.3.0:
  version "1.3.0"
  resolved "https://registry.yarnpkg.com/is-unicode-supported/-/is-unicode-supported-1.3.0.tgz#d824984b616c292a2e198207d4a609983842f714"
  integrity sha512-43r2mRvz+8JRIKnWJ+3j8JtjRKZ6GmjzfaE/qiBJnikNnYv/6bagRJ1kUhNk8R5EX/GkobD+r+sfxCPJsiKBLQ==

log-symbols@^5.1.0:
  version "5.1.0"
  resolved "https://registry.yarnpkg.com/log-symbols/-/log-symbols-5.1.0.tgz#a20e3b9a5f53fac6aeb8e2bb22c07cf2c8f16d93"
  integrity sha512-l0x2DvrW294C9uDCoQe1VSU4gf529FkSZ6leBl4TiqZH/e+0R7hSfHQBNut2mNygDgHwvYHfFLn6Oxb3VWj2rA==
  dependencies:
    chalk "^5.0.0"
    is-unicode-supported "^1.1.0"

mimic-fn@^2.1.0:
  version "2.1.0"
  resolved "https://registry.yarnpkg.com/mimic-fn/-/mimic-fn-2.1.0.tgz#7ed2c2ccccaf84d3ffcb7a69b57711fc2083401b"
  integrity sha512-OqbOk5oEQeAZ8WXWydlu9HJjz9WVdEIvamMCcXmuqUYjTknH/sqsWvhQ3vgwKFRR1HpjvNBKQ37nbJgYzGqGcg==

mpg123-decoder@^1.0.0:
  version "1.0.3"
  resolved "https://registry.yarnpkg.com/mpg123-decoder/-/mpg123-decoder-1.0.3.tgz#35ba32103053ba0f2005f81a808d268212c05f99"
  integrity sha512-+fjxnWigodWJm3+4pndi+KUg9TBojgn31DPk85zEsim7C6s0X5Ztc/hQYdytXkwuGXH+aB0/aEkG40Emukv6oQ==
  dependencies:
    "@wasm-audio-decoders/common" "9.0.7"

node-wav@^0.0.2:
  version "0.0.2"
  resolved "https://registry.yarnpkg.com/node-wav/-/node-wav-0.0.2.tgz#89cb63cf8cd66ec8ab455f5ba4864e5fcb4605e8"
  integrity sha512-M6Rm/bbG6De/gKGxOpeOobx/dnGuP0dz40adqx38boqHhlWssBJZgLCPBNtb9NkrmnKYiV04xELq+R6PFOnoLA==

ogg-opus-decoder@^1.6.12:
  version "1.7.3"
  resolved "https://registry.yarnpkg.com/ogg-opus-decoder/-/ogg-opus-decoder-1.7.3.tgz#5c26722f3b738b47829f21ff2ea6168302c74ea0"
  integrity sha512-w47tiZpkLgdkpa+34VzYD8mHUj8I9kfWVZa82mBbNwDvB1byfLXSSzW/HxA4fI3e9kVlICSpXGFwMLV1LPdjwg==
  dependencies:
    "@wasm-audio-decoders/common" "9.0.7"
    "@wasm-audio-decoders/opus-ml" "0.0.2"
    codec-parser "2.5.0"
    opus-decoder "0.7.11"

onetime@^5.1.0:
  version "5.1.2"
  resolved "https://registry.yarnpkg.com/onetime/-/onetime-5.1.2.tgz#d0e96ebb56b07476df1dd9c4806e5237985ca45e"
  integrity sha512-kbpaSSGJTWdAY5KPVeMOKXSrPtr8C8C7wodJbcsd51jRnmD+GZu8Y0VoU6Dm5Z4vWr0Ig/1NKuWRKf7j5aaYSg==
  dependencies:
    mimic-fn "^2.1.0"

opus-decoder@0.7.11:
  version "0.7.11"
  resolved "https://registry.yarnpkg.com/opus-decoder/-/opus-decoder-0.7.11.tgz#d8cd87bfc376163982417e8bed72858954065ed8"
  integrity sha512-+e+Jz3vGQLxRTBHs8YJQPRPc1Tr+/aC6coV/DlZylriA29BdHQAYXhvNRKtjftof17OFng0+P4wsFIqQu3a48A==
  dependencies:
    "@wasm-audio-decoders/common" "9.0.7"

ora@^7.0.1:
  version "7.0.1"
  resolved "https://registry.yarnpkg.com/ora/-/ora-7.0.1.tgz#cdd530ecd865fe39e451a0e7697865669cb11930"
  integrity sha512-0TUxTiFJWv+JnjWm4o9yvuskpEJLXTcng8MJuKd+SzAzp2o+OP3HWqNhB4OdJRt1Vsd9/mR0oyaEYlOnL7XIRw==
  dependencies:
    chalk "^5.3.0"
    cli-cursor "^4.0.0"
    cli-spinners "^2.9.0"
    is-interactive "^2.0.0"
    is-unicode-supported "^1.3.0"
    log-symbols "^5.1.0"
    stdin-discarder "^0.1.0"
    string-width "^6.1.0"
    strip-ansi "^7.1.0"

qoa-format@^1.0.1:
  version "1.0.1"
  resolved "https://registry.yarnpkg.com/qoa-format/-/qoa-format-1.0.1.tgz#fb438b4757173e68b6e6baab316835e134ce0bca"
  integrity sha512-dMB0Z6XQjdpz/Cw4Rf6RiBpQvUSPCfYlQMWvmuWlWkAT7nDQD29cVZ1SwDUB6DYJSitHENwbt90lqfI+7bvMcw==
  dependencies:
    "@thi.ng/bitstream" "^2.2.12"

readable-stream@^3.4.0:
  version "3.6.2"
  resolved "https://registry.yarnpkg.com/readable-stream/-/readable-stream-3.6.2.tgz#56a9b36ea965c00c5a93ef31eb111a0f11056967"
  integrity sha512-9u/sniCrY3D5WdsERHzHE4G2YCXqoG5FTHUiCC4SIbr6XcLZBY05ya9EKjYek9O5xOAwjGq+1JdGBAS7Q9ScoA==
  dependencies:
    inherits "^2.0.3"
    string_decoder "^1.1.1"
    util-deprecate "^1.0.1"

restore-cursor@^4.0.0:
  version "4.0.0"
  resolved "https://registry.yarnpkg.com/restore-cursor/-/restore-cursor-4.0.0.tgz#519560a4318975096def6e609d44100edaa4ccb9"
  integrity sha512-I9fPXU9geO9bHOt9pHHOhOkYerIMsmVaWB0rA2AI9ERh/+x/i7MV5HKBNrg+ljO5eoPVgCcnFuRjJ9uH6I/3eg==
  dependencies:
    onetime "^5.1.0"
    signal-exit "^3.0.2"

safe-buffer@~5.2.0:
  version "5.2.1"
  resolved "https://registry.yarnpkg.com/safe-buffer/-/safe-buffer-5.2.1.tgz#1eaf9fa9bdb1fdd4ec75f58f9cdb4e6b7827eec6"
  integrity sha512-rp3So07KcdmmKbGvgaNxQSJr7bGVSVk5S9Eq1F+ppbRo70+YeaDxkw5Dd8NPN+GD6bjnYm2VuPuCXmpuYvmCXQ==

signal-exit@^3.0.2:
  version "3.0.7"
  resolved "https://registry.yarnpkg.com/signal-exit/-/signal-exit-3.0.7.tgz#a9a1767f8af84155114eaabd73f99273c8f59ad9"
  integrity sha512-wnD2ZE+l+SPC/uoS0vXeE9L1+0wuaMqKlfz9AMUo38JsyLSBWSFcHR1Rri62LZc12vLr1gb3jl7iwQhgwpAbGQ==

simple-yenc@^1.0.4:
  version "1.0.4"
  resolved "https://registry.yarnpkg.com/simple-yenc/-/simple-yenc-1.0.4.tgz#52805f504ec03c0aafe3766eee901e4e6f352ead"
  integrity sha512-5gvxpSd79e9a3V4QDYUqnqxeD4HGlhCakVpb6gMnDD7lexJggSBJRBO5h52y/iJrdXRilX9UCuDaIJhSWm5OWw==

stdin-discarder@^0.1.0:
  version "0.1.0"
  resolved "https://registry.yarnpkg.com/stdin-discarder/-/stdin-discarder-0.1.0.tgz#22b3e400393a8e28ebf53f9958f3880622efde21"
  integrity sha512-xhV7w8S+bUwlPTb4bAOUQhv8/cSS5offJuX8GQGq32ONF0ZtDWKfkdomM3HMRA+LhX6um/FZ0COqlwsjD53LeQ==
  dependencies:
    bl "^5.0.0"

string-width@^6.1.0:
  version "6.1.0"
  resolved "https://registry.yarnpkg.com/string-width/-/string-width-6.1.0.tgz#96488d6ed23f9ad5d82d13522af9e4c4c3fd7518"
  integrity sha512-k01swCJAgQmuADB0YIc+7TuatfNvTBVOoaUWJjTB9R4VJzR5vNWzf5t42ESVZFPS8xTySF7CAdV4t/aaIm3UnQ==
  dependencies:
    eastasianwidth "^0.2.0"
    emoji-regex "^10.2.1"
    strip-ansi "^7.0.1"

string_decoder@^1.1.1:
  version "1.3.0"
  resolved "https://registry.yarnpkg.com/string_decoder/-/string_decoder-1.3.0.tgz#42f114594a46cf1a8e30b0a84f56c78c3edac21e"
  integrity sha512-hkRX8U1WjJFd8LsDJ2yQ/wWWxaopEsABU1XfkM8A+j0+85JAGppt16cr1Whg6KIbb4okU6Mql6BOj+uup/wKeA==
  dependencies:
    safe-buffer "~5.2.0"

strip-ansi@^7.0.1, strip-ansi@^7.1.0:
  version "7.2.0"
  resolved "https://registry.yarnpkg.com/strip-ansi/-/strip-ansi-7.2.0.tgz#d22a269522836a627af8d04b5c3fd2c7fa3e32e3"
  integrity sha512-yDPMNjp4WyfYBkHnjIRLfca1i6KMyGCtsVgoKe/z1+6vukgaENdgGBZt+ZmKPc4gavvEZ5OgHfHdrazhgNyG7w==
  dependencies:
    ansi-regex "^6.2.2"

util-deprecate@^1.0.1:
  version "1.0.2"
  resolved "https://registry.yarnpkg.com/util-deprecate/-/util-deprecate-1.0.2.tgz#450d4dc9fa70de732762fbd2d4a28981419a0ccf"
  integrity sha512-EPD5q1uXyFxJpCrLnCc1nHnq3gOa6DZBocAIiI2TaSCA7VCJ1UJDMagCzIkXNsUYfD1daK//LTEQ8xiIbrHtcw==

window-function@^3.0.0:
  version "3.0.2"
  resolved "https://registry.yarnpkg.com/window-function/-/window-function-3.0.2.tgz#18ed8780a8cfe81a32a9516aa6b612664cac2847"
  integrity sha512-MyN8QESmxgiFTU5zGjB4vTrhCs6H3d/7u46VaqwIz2qCsU0IP2+OY9oQQe77mHP+5roWh6zkivRnGOha0dbtsA==
